// !$*UTF8*$!
{
	archiveVersion = 1;
	classes = {
	};
	objectVersion = 46;
	objects = {

/* Begin PBXBuildFile section */
		9B38AE3C1ED554AC006B41A0 /* SUN_ShowListCell.m in Sources */ = {isa = PBXBuildFile; fileRef = 9B38AE3A1ED554AC006B41A0 /* SUN_ShowListCell.m */; };
		9B38AE3D1ED554AC006B41A0 /* SUN_ShowListCell.xib in Resources */ = {isa = PBXBuildFile; fileRef = 9B38AE3B1ED554AC006B41A0 /* SUN_ShowListCell.xib */; };
		9B38AE401ED55787006B41A0 /* SUN_ShowListModel.m in Sources */ = {isa = PBXBuildFile; fileRef = 9B38AE3F1ED55787006B41A0 /* SUN_ShowListModel.m */; };
		9B38AE431ED55804006B41A0 /* SUN_CreatorModel.m in Sources */ = {isa = PBXBuildFile; fileRef = 9B38AE421ED55804006B41A0 /* SUN_CreatorModel.m */; };
		9B38AEC81ED55881006B41A0 /* NSString+SUN.m in Sources */ = {isa = PBXBuildFile; fileRef = 9B38AE471ED55880006B41A0 /* NSString+SUN.m */; };
		9B38AEC91ED55881006B41A0 /* UIBarButtonItem+SUN.m in Sources */ = {isa = PBXBuildFile; fileRef = 9B38AE491ED55880006B41A0 /* UIBarButtonItem+SUN.m */; };
		9B38AECA1ED55881006B41A0 /* UIColor+SUN.m in Sources */ = {isa = PBXBuildFile; fileRef = 9B38AE4B1ED55880006B41A0 /* UIColor+SUN.m */; };
		9B38AECB1ED55881006B41A0 /* UIImage+SUN.m in Sources */ = {isa = PBXBuildFile; fileRef = 9B38AE4D1ED55880006B41A0 /* UIImage+SUN.m */; };
		9B38AEE11ED55881006B41A0 /* SUNTools.m in Sources */ = {isa = PBXBuildFile; fileRef = 9B38AEC71ED55881006B41A0 /* SUNTools.m */; };
		9B38AEE51ED55B94006B41A0 /* SUNHTTPTool.m in Sources */ = {isa = PBXBuildFile; fileRef = 9B38AEE41ED55B94006B41A0 /* SUNHTTPTool.m */; };
		9B38AEE81ED5691C006B41A0 /* ScrollListModel.m in Sources */ = {isa = PBXBuildFile; fileRef = 9B38AEE71ED5691C006B41A0 /* ScrollListModel.m */; };
		9B38AEEB1ED56B83006B41A0 /* SUN_WKWebViewController.m in Sources */ = {isa = PBXBuildFile; fileRef = 9B38AEEA1ED56B83006B41A0 /* SUN_WKWebViewController.m */; };
		9B38AEF11ED58082006B41A0 /* SUN_NearbyCollectionItem.m in Sources */ = {isa = PBXBuildFile; fileRef = 9B38AEEF1ED58082006B41A0 /* SUN_NearbyCollectionItem.m */; };
		9B38AEF21ED58082006B41A0 /* SUN_NearbyCollectionItem.xib in Resources */ = {isa = PBXBuildFile; fileRef = 9B38AEF01ED58082006B41A0 /* SUN_NearbyCollectionItem.xib */; };
		9B38AEF51ED581DD006B41A0 /* SUN_NearListModel.m in Sources */ = {isa = PBXBuildFile; fileRef = 9B38AEF41ED581DD006B41A0 /* SUN_NearListModel.m */; };
		9B38AEFE1ED6C5C1006B41A0 /* AudioToolbox.framework in Frameworks */ = {isa = PBXBuildFile; fileRef = 9B38AEFD1ED6C5C1006B41A0 /* AudioToolbox.framework */; };
		9B38AF001ED6C5C8006B41A0 /* AVFoundation.framework in Frameworks */ = {isa = PBXBuildFile; fileRef = 9B38AEFF1ED6C5C8006B41A0 /* AVFoundation.framework */; };
		9B38AF021ED6C5CD006B41A0 /* CoreGraphics.framework in Frameworks */ = {isa = PBXBuildFile; fileRef = 9B38AF011ED6C5CD006B41A0 /* CoreGraphics.framework */; };
		9B38AF041ED6C5D4006B41A0 /* CoreMedia.framework in Frameworks */ = {isa = PBXBuildFile; fileRef = 9B38AF031ED6C5D4006B41A0 /* CoreMedia.framework */; };
		9B38AF061ED6C5DC006B41A0 /* libbz2.tbd in Frameworks */ = {isa = PBXBuildFile; fileRef = 9B38AF051ED6C5DC006B41A0 /* libbz2.tbd */; };
		9B38AF081ED6C5E2006B41A0 /* libz.tbd in Frameworks */ = {isa = PBXBuildFile; fileRef = 9B38AF071ED6C5E2006B41A0 /* libz.tbd */; };
		9B38AF0A1ED6C5EC006B41A0 /* MediaPlayer.framework in Frameworks */ = {isa = PBXBuildFile; fileRef = 9B38AF091ED6C5EC006B41A0 /* MediaPlayer.framework */; };
		9B38AF0C1ED6C5F6006B41A0 /* MobileCoreServices.framework in Frameworks */ = {isa = PBXBuildFile; fileRef = 9B38AF0B1ED6C5F6006B41A0 /* MobileCoreServices.framework */; };
		9B38AF0E1ED6C5FA006B41A0 /* OpenGLES.framework in Frameworks */ = {isa = PBXBuildFile; fileRef = 9B38AF0D1ED6C5FA006B41A0 /* OpenGLES.framework */; };
		9B38AF101ED6C601006B41A0 /* QuartzCore.framework in Frameworks */ = {isa = PBXBuildFile; fileRef = 9B38AF0F1ED6C601006B41A0 /* QuartzCore.framework */; };
		9B38AF121ED6C605006B41A0 /* UIKit.framework in Frameworks */ = {isa = PBXBuildFile; fileRef = 9B38AF111ED6C605006B41A0 /* UIKit.framework */; };
		9B38AF141ED6C60D006B41A0 /* VideoToolbox.framework in Frameworks */ = {isa = PBXBuildFile; fileRef = 9B38AF131ED6C60D006B41A0 /* VideoToolbox.framework */; };
		9B38AF161ED6C64A006B41A0 /* IJKMediaFramework.framework in Frameworks */ = {isa = PBXBuildFile; fileRef = 9B38AF151ED6C64A006B41A0 /* IJKMediaFramework.framework */; };
		9B38AF191ED6C769006B41A0 /* SUNPlayerViewController.m in Sources */ = {isa = PBXBuildFile; fileRef = 9B38AF181ED6C769006B41A0 /* SUNPlayerViewController.m */; };
		9B38AF1D1ED6D35E006B41A0 /* SUNPlayerChlidController.m in Sources */ = {isa = PBXBuildFile; fileRef = 9B38AF1B1ED6D35E006B41A0 /* SUNPlayerChlidController.m */; };
		9B38AF1E1ED6D35E006B41A0 /* SUNPlayerChlidController.xib in Resources */ = {isa = PBXBuildFile; fileRef = 9B38AF1C1ED6D35E006B41A0 /* SUNPlayerChlidController.xib */; };
		9B38AF211ED6D8E6006B41A0 /* BDSegmentView.m in Sources */ = {isa = PBXBuildFile; fileRef = 9B38AF201ED6D8E6006B41A0 /* BDSegmentView.m */; };
		9B56F7741ED2E8A700EB8586 /* SUN_TabbarController.m in Sources */ = {isa = PBXBuildFile; fileRef = 9B56F7731ED2E8A700EB8586 /* SUN_TabbarController.m */; };
		9B56F7771ED2E8BC00EB8586 /* SUN_Tabbar.m in Sources */ = {isa = PBXBuildFile; fileRef = 9B56F7761ED2E8BC00EB8586 /* SUN_Tabbar.m */; };
		9B56F77A1ED2E90200EB8586 /* SUN_NavigationController.m in Sources */ = {isa = PBXBuildFile; fileRef = 9B56F7791ED2E90200EB8586 /* SUN_NavigationController.m */; };
		9B56F77D1ED2E91700EB8586 /* SUN_ViewController.m in Sources */ = {isa = PBXBuildFile; fileRef = 9B56F77C1ED2E91700EB8586 /* SUN_ViewController.m */; };
		9B6B96E21ED3E63D00C67830 /* SUN_LanceController.m in Sources */ = {isa = PBXBuildFile; fileRef = 9B6B96E01ED3E63D00C67830 /* SUN_LanceController.m */; };
		9B6B96E31ED3E63D00C67830 /* SUN_LanceController.xib in Resources */ = {isa = PBXBuildFile; fileRef = 9B6B96E11ED3E63D00C67830 /* SUN_LanceController.xib */; };
		9B6B96E71ED3E94700C67830 /* SUN_MainViewController.m in Sources */ = {isa = PBXBuildFile; fileRef = 9B6B96E51ED3E94700C67830 /* SUN_MainViewController.m */; };
		9B6B96E81ED3E94700C67830 /* SUN_MainViewController.xib in Resources */ = {isa = PBXBuildFile; fileRef = 9B6B96E61ED3E94700C67830 /* SUN_MainViewController.xib */; };
		9B6B96EC1ED3E96B00C67830 /* SUN_MineViewController.m in Sources */ = {isa = PBXBuildFile; fileRef = 9B6B96EA1ED3E96B00C67830 /* SUN_MineViewController.m */; };
		9B6B96ED1ED3E96B00C67830 /* SUN_MineViewController.xib in Resources */ = {isa = PBXBuildFile; fileRef = 9B6B96EB1ED3E96B00C67830 /* SUN_MineViewController.xib */; };
		9B6B96F41ED407CC00C67830 /* SUN_AttentionController.m in Sources */ = {isa = PBXBuildFile; fileRef = 9B6B96F21ED407CC00C67830 /* SUN_AttentionController.m */; };
		9B6B96F51ED407CC00C67830 /* SUN_AttentionController.xib in Resources */ = {isa = PBXBuildFile; fileRef = 9B6B96F31ED407CC00C67830 /* SUN_AttentionController.xib */; };
		9B6B96FC1ED4080100C67830 /* SUN_PopularController.m in Sources */ = {isa = PBXBuildFile; fileRef = 9B6B96FA1ED4080100C67830 /* SUN_PopularController.m */; };
		9B6B96FD1ED4080100C67830 /* SUN_PopularController.xib in Resources */ = {isa = PBXBuildFile; fileRef = 9B6B96FB1ED4080100C67830 /* SUN_PopularController.xib */; };
		9B6B97011ED4082000C67830 /* SUN_NearbyController.m in Sources */ = {isa = PBXBuildFile; fileRef = 9B6B96FF1ED4082000C67830 /* SUN_NearbyController.m */; };
		9B6B97021ED4082000C67830 /* SUN_NearbyController.xib in Resources */ = {isa = PBXBuildFile; fileRef = 9B6B97001ED4082000C67830 /* SUN_NearbyController.xib */; };
		9B7A26611ED2DAAA009C397C /* AppDelegate.m in Sources */ = {isa = PBXBuildFile; fileRef = 9B7A26601ED2DAAA009C397C /* AppDelegate.m */; };
		9BA30FC21ED2C42D000A7B5C /* main.m in Sources */ = {isa = PBXBuildFile; fileRef = 9BA30FC11ED2C42D000A7B5C /* main.m */; };
		9BA30FCB1ED2C42D000A7B5C /* Main.storyboard in Resources */ = {isa = PBXBuildFile; fileRef = 9BA30FC91ED2C42D000A7B5C /* Main.storyboard */; };
		9BA30FCD1ED2C42D000A7B5C /* Assets.xcassets in Resources */ = {isa = PBXBuildFile; fileRef = 9BA30FCC1ED2C42D000A7B5C /* Assets.xcassets */; };
		9BA30FD01ED2C42D000A7B5C /* LaunchScreen.storyboard in Resources */ = {isa = PBXBuildFile; fileRef = 9BA30FCE1ED2C42D000A7B5C /* LaunchScreen.storyboard */; };
		9BA30FDB1ED2C42D000A7B5C /* LikeFlyerLiveAPPTests.m in Sources */ = {isa = PBXBuildFile; fileRef = 9BA30FDA1ED2C42D000A7B5C /* LikeFlyerLiveAPPTests.m */; };
		9BA30FE61ED2C42D000A7B5C /* LikeFlyerLiveAPPUITests.m in Sources */ = {isa = PBXBuildFile; fileRef = 9BA30FE51ED2C42D000A7B5C /* LikeFlyerLiveAPPUITests.m */; };
		B8836EBB882D02FE6247B498 /* libPods-LikeFlyerLiveAPP.a in Frameworks */ = {isa = PBXBuildFile; fileRef = C3867806EBB00C5B3F0A346E /* libPods-LikeFlyerLiveAPP.a */; };
/* End PBXBuildFile section */

/* Begin PBXContainerItemProxy section */
		9BA30FD71ED2C42D000A7B5C /* PBXContainerItemProxy */ = {
			isa = PBXContainerItemProxy;
			containerPortal = 9BA30FB51ED2C42D000A7B5C /* Project object */;
			proxyType = 1;
			remoteGlobalIDString = 9BA30FBC1ED2C42D000A7B5C;
			remoteInfo = LikeFlyerLiveAPP;
		};
		9BA30FE21ED2C42D000A7B5C /* PBXContainerItemProxy */ = {
			isa = PBXContainerItemProxy;
			containerPortal = 9BA30FB51ED2C42D000A7B5C /* Project object */;
			proxyType = 1;
			remoteGlobalIDString = 9BA30FBC1ED2C42D000A7B5C;
			remoteInfo = LikeFlyerLiveAPP;
		};
/* End PBXContainerItemProxy section */

/* Begin PBXFileReference section */
		3F0A3362CD31B5E098E2EEE0 /* Pods-LikeFlyerLiveAPP.release.xcconfig */ = {isa = PBXFileReference; includeInIndex = 1; lastKnownFileType = text.xcconfig; name = "Pods-LikeFlyerLiveAPP.release.xcconfig"; path = "Pods/Target Support Files/Pods-LikeFlyerLiveAPP/Pods-LikeFlyerLiveAPP.release.xcconfig"; sourceTree = "<group>"; };
		6E661D4AB532C1A9B7433E45 /* Pods-LikeFlyerLiveAPP.debug.xcconfig */ = {isa = PBXFileReference; includeInIndex = 1; lastKnownFileType = text.xcconfig; name = "Pods-LikeFlyerLiveAPP.debug.xcconfig"; path = "Pods/Target Support Files/Pods-LikeFlyerLiveAPP/Pods-LikeFlyerLiveAPP.debug.xcconfig"; sourceTree = "<group>"; };
		9B38AE391ED554AC006B41A0 /* SUN_ShowListCell.h */ = {isa = PBXFileReference; fileEncoding = 4; lastKnownFileType = sourcecode.c.h; path = SUN_ShowListCell.h; sourceTree = "<group>"; };
		9B38AE3A1ED554AC006B41A0 /* SUN_ShowListCell.m */ = {isa = PBXFileReference; fileEncoding = 4; lastKnownFileType = sourcecode.c.objc; path = SUN_ShowListCell.m; sourceTree = "<group>"; };
		9B38AE3B1ED554AC006B41A0 /* SUN_ShowListCell.xib */ = {isa = PBXFileReference; fileEncoding = 4; lastKnownFileType = file.xib; path = SUN_ShowListCell.xib; sourceTree = "<group>"; };
		9B38AE3E1ED55787006B41A0 /* SUN_ShowListModel.h */ = {isa = PBXFileReference; fileEncoding = 4; lastKnownFileType = sourcecode.c.h; path = SUN_ShowListModel.h; sourceTree = "<group>"; };
		9B38AE3F1ED55787006B41A0 /* SUN_ShowListModel.m */ = {isa = PBXFileReference; fileEncoding = 4; lastKnownFileType = sourcecode.c.objc; path = SUN_ShowListModel.m; sourceTree = "<group>"; };
		9B38AE411ED55804006B41A0 /* SUN_CreatorModel.h */ = {isa = PBXFileReference; fileEncoding = 4; lastKnownFileType = sourcecode.c.h; path = SUN_CreatorModel.h; sourceTree = "<group>"; };
		9B38AE421ED55804006B41A0 /* SUN_CreatorModel.m */ = {isa = PBXFileReference; fileEncoding = 4; lastKnownFileType = sourcecode.c.objc; path = SUN_CreatorModel.m; sourceTree = "<group>"; };
		9B38AE461ED55880006B41A0 /* NSString+SUN.h */ = {isa = PBXFileReference; fileEncoding = 4; lastKnownFileType = sourcecode.c.h; path = "NSString+SUN.h"; sourceTree = "<group>"; };
		9B38AE471ED55880006B41A0 /* NSString+SUN.m */ = {isa = PBXFileReference; fileEncoding = 4; lastKnownFileType = sourcecode.c.objc; path = "NSString+SUN.m"; sourceTree = "<group>"; };
		9B38AE481ED55880006B41A0 /* UIBarButtonItem+SUN.h */ = {isa = PBXFileReference; fileEncoding = 4; lastKnownFileType = sourcecode.c.h; path = "UIBarButtonItem+SUN.h"; sourceTree = "<group>"; };
		9B38AE491ED55880006B41A0 /* UIBarButtonItem+SUN.m */ = {isa = PBXFileReference; fileEncoding = 4; lastKnownFileType = sourcecode.c.objc; path = "UIBarButtonItem+SUN.m"; sourceTree = "<group>"; };
		9B38AE4A1ED55880006B41A0 /* UIColor+SUN.h */ = {isa = PBXFileReference; fileEncoding = 4; lastKnownFileType = sourcecode.c.h; path = "UIColor+SUN.h"; sourceTree = "<group>"; };
		9B38AE4B1ED55880006B41A0 /* UIColor+SUN.m */ = {isa = PBXFileReference; fileEncoding = 4; lastKnownFileType = sourcecode.c.objc; path = "UIColor+SUN.m"; sourceTree = "<group>"; };
		9B38AE4C1ED55880006B41A0 /* UIImage+SUN.h */ = {isa = PBXFileReference; fileEncoding = 4; lastKnownFileType = sourcecode.c.h; path = "UIImage+SUN.h"; sourceTree = "<group>"; };
		9B38AE4D1ED55880006B41A0 /* UIImage+SUN.m */ = {isa = PBXFileReference; fileEncoding = 4; lastKnownFileType = sourcecode.c.objc; path = "UIImage+SUN.m"; sourceTree = "<group>"; };
		9B38AEC61ED55881006B41A0 /* SUNTools.h */ = {isa = PBXFileReference; fileEncoding = 4; lastKnownFileType = sourcecode.c.h; path = SUNTools.h; sourceTree = "<group>"; };
		9B38AEC71ED55881006B41A0 /* SUNTools.m */ = {isa = PBXFileReference; fileEncoding = 4; lastKnownFileType = sourcecode.c.objc; path = SUNTools.m; sourceTree = "<group>"; };
		9B38AEE21ED55B27006B41A0 /* APIConfig.h */ = {isa = PBXFileReference; lastKnownFileType = sourcecode.c.h; path = APIConfig.h; sourceTree = "<group>"; };
		9B38AEE31ED55B94006B41A0 /* SUNHTTPTool.h */ = {isa = PBXFileReference; fileEncoding = 4; lastKnownFileType = sourcecode.c.h; path = SUNHTTPTool.h; sourceTree = "<group>"; };
		9B38AEE41ED55B94006B41A0 /* SUNHTTPTool.m */ = {isa = PBXFileReference; fileEncoding = 4; lastKnownFileType = sourcecode.c.objc; path = SUNHTTPTool.m; sourceTree = "<group>"; };
		9B38AEE61ED5691C006B41A0 /* ScrollListModel.h */ = {isa = PBXFileReference; fileEncoding = 4; lastKnownFileType = sourcecode.c.h; path = ScrollListModel.h; sourceTree = "<group>"; };
		9B38AEE71ED5691C006B41A0 /* ScrollListModel.m */ = {isa = PBXFileReference; fileEncoding = 4; lastKnownFileType = sourcecode.c.objc; path = ScrollListModel.m; sourceTree = "<group>"; };
		9B38AEE91ED56B83006B41A0 /* SUN_WKWebViewController.h */ = {isa = PBXFileReference; fileEncoding = 4; lastKnownFileType = sourcecode.c.h; path = SUN_WKWebViewController.h; sourceTree = "<group>"; };
		9B38AEEA1ED56B83006B41A0 /* SUN_WKWebViewController.m */ = {isa = PBXFileReference; fileEncoding = 4; lastKnownFileType = sourcecode.c.objc; path = SUN_WKWebViewController.m; sourceTree = "<group>"; };
		9B38AEEE1ED58082006B41A0 /* SUN_NearbyCollectionItem.h */ = {isa = PBXFileReference; fileEncoding = 4; lastKnownFileType = sourcecode.c.h; path = SUN_NearbyCollectionItem.h; sourceTree = "<group>"; };
		9B38AEEF1ED58082006B41A0 /* SUN_NearbyCollectionItem.m */ = {isa = PBXFileReference; fileEncoding = 4; lastKnownFileType = sourcecode.c.objc; path = SUN_NearbyCollectionItem.m; sourceTree = "<group>"; };
		9B38AEF01ED58082006B41A0 /* SUN_NearbyCollectionItem.xib */ = {isa = PBXFileReference; fileEncoding = 4; lastKnownFileType = file.xib; path = SUN_NearbyCollectionItem.xib; sourceTree = "<group>"; };
		9B38AEF31ED581DD006B41A0 /* SUN_NearListModel.h */ = {isa = PBXFileReference; fileEncoding = 4; lastKnownFileType = sourcecode.c.h; path = SUN_NearListModel.h; sourceTree = "<group>"; };
		9B38AEF41ED581DD006B41A0 /* SUN_NearListModel.m */ = {isa = PBXFileReference; fileEncoding = 4; lastKnownFileType = sourcecode.c.objc; path = SUN_NearListModel.m; sourceTree = "<group>"; };
		9B38AEFD1ED6C5C1006B41A0 /* AudioToolbox.framework */ = {isa = PBXFileReference; lastKnownFileType = wrapper.framework; name = AudioToolbox.framework; path = System/Library/Frameworks/AudioToolbox.framework; sourceTree = SDKROOT; };
		9B38AEFF1ED6C5C8006B41A0 /* AVFoundation.framework */ = {isa = PBXFileReference; lastKnownFileType = wrapper.framework; name = AVFoundation.framework; path = System/Library/Frameworks/AVFoundation.framework; sourceTree = SDKROOT; };
		9B38AF011ED6C5CD006B41A0 /* CoreGraphics.framework */ = {isa = PBXFileReference; lastKnownFileType = wrapper.framework; name = CoreGraphics.framework; path = System/Library/Frameworks/CoreGraphics.framework; sourceTree = SDKROOT; };
		9B38AF031ED6C5D4006B41A0 /* CoreMedia.framework */ = {isa = PBXFileReference; lastKnownFileType = wrapper.framework; name = CoreMedia.framework; path = System/Library/Frameworks/CoreMedia.framework; sourceTree = SDKROOT; };
		9B38AF051ED6C5DC006B41A0 /* libbz2.tbd */ = {isa = PBXFileReference; lastKnownFileType = "sourcecode.text-based-dylib-definition"; name = libbz2.tbd; path = usr/lib/libbz2.tbd; sourceTree = SDKROOT; };
		9B38AF071ED6C5E2006B41A0 /* libz.tbd */ = {isa = PBXFileReference; lastKnownFileType = "sourcecode.text-based-dylib-definition"; name = libz.tbd; path = usr/lib/libz.tbd; sourceTree = SDKROOT; };
		9B38AF091ED6C5EC006B41A0 /* MediaPlayer.framework */ = {isa = PBXFileReference; lastKnownFileType = wrapper.framework; name = MediaPlayer.framework; path = System/Library/Frameworks/MediaPlayer.framework; sourceTree = SDKROOT; };
		9B38AF0B1ED6C5F6006B41A0 /* MobileCoreServices.framework */ = {isa = PBXFileReference; lastKnownFileType = wrapper.framework; name = MobileCoreServices.framework; path = System/Library/Frameworks/MobileCoreServices.framework; sourceTree = SDKROOT; };
		9B38AF0D1ED6C5FA006B41A0 /* OpenGLES.framework */ = {isa = PBXFileReference; lastKnownFileType = wrapper.framework; name = OpenGLES.framework; path = System/Library/Frameworks/OpenGLES.framework; sourceTree = SDKROOT; };
		9B38AF0F1ED6C601006B41A0 /* QuartzCore.framework */ = {isa = PBXFileReference; lastKnownFileType = wrapper.framework; name = QuartzCore.framework; path = System/Library/Frameworks/QuartzCore.framework; sourceTree = SDKROOT; };
		9B38AF111ED6C605006B41A0 /* UIKit.framework */ = {isa = PBXFileReference; lastKnownFileType = wrapper.framework; name = UIKit.framework; path = System/Library/Frameworks/UIKit.framework; sourceTree = SDKROOT; };
		9B38AF131ED6C60D006B41A0 /* VideoToolbox.framework */ = {isa = PBXFileReference; lastKnownFileType = wrapper.framework; name = VideoToolbox.framework; path = System/Library/Frameworks/VideoToolbox.framework; sourceTree = SDKROOT; };
		9B38AF151ED6C64A006B41A0 /* IJKMediaFramework.framework */ = {isa = PBXFileReference; lastKnownFileType = wrapper.framework; path = IJKMediaFramework.framework; sourceTree = "<group>"; };
		9B38AF171ED6C769006B41A0 /* SUNPlayerViewController.h */ = {isa = PBXFileReference; fileEncoding = 4; lastKnownFileType = sourcecode.c.h; path = SUNPlayerViewController.h; sourceTree = "<group>"; };
		9B38AF181ED6C769006B41A0 /* SUNPlayerViewController.m */ = {isa = PBXFileReference; fileEncoding = 4; lastKnownFileType = sourcecode.c.objc; path = SUNPlayerViewController.m; sourceTree = "<group>"; };
		9B38AF1A1ED6D35E006B41A0 /* SUNPlayerChlidController.h */ = {isa = PBXFileReference; fileEncoding = 4; lastKnownFileType = sourcecode.c.h; path = SUNPlayerChlidController.h; sourceTree = "<group>"; };
		9B38AF1B1ED6D35E006B41A0 /* SUNPlayerChlidController.m */ = {isa = PBXFileReference; fileEncoding = 4; lastKnownFileType = sourcecode.c.objc; path = SUNPlayerChlidController.m; sourceTree = "<group>"; };
		9B38AF1C1ED6D35E006B41A0 /* SUNPlayerChlidController.xib */ = {isa = PBXFileReference; fileEncoding = 4; lastKnownFileType = file.xib; path = SUNPlayerChlidController.xib; sourceTree = "<group>"; };
		9B38AF1F1ED6D8E6006B41A0 /* BDSegmentView.h */ = {isa = PBXFileReference; fileEncoding = 4; lastKnownFileType = sourcecode.c.h; path = BDSegmentView.h; sourceTree = "<group>"; };
		9B38AF201ED6D8E6006B41A0 /* BDSegmentView.m */ = {isa = PBXFileReference; fileEncoding = 4; lastKnownFileType = sourcecode.c.objc; path = BDSegmentView.m; sourceTree = "<group>"; };
		9B56F7701ED2DFD000EB8586 /* PrefixHeader.pch */ = {isa = PBXFileReference; lastKnownFileType = sourcecode.c.h; path = PrefixHeader.pch; sourceTree = "<group>"; };
		9B56F7711ED2E06500EB8586 /* Header.h */ = {isa = PBXFileReference; lastKnownFileType = sourcecode.c.h; path = Header.h; sourceTree = "<group>"; };
		9B56F7721ED2E8A700EB8586 /* SUN_TabbarController.h */ = {isa = PBXFileReference; fileEncoding = 4; lastKnownFileType = sourcecode.c.h; path = SUN_TabbarController.h; sourceTree = "<group>"; };
		9B56F7731ED2E8A700EB8586 /* SUN_TabbarController.m */ = {isa = PBXFileReference; fileEncoding = 4; lastKnownFileType = sourcecode.c.objc; path = SUN_TabbarController.m; sourceTree = "<group>"; };
		9B56F7751ED2E8BC00EB8586 /* SUN_Tabbar.h */ = {isa = PBXFileReference; fileEncoding = 4; lastKnownFileType = sourcecode.c.h; path = SUN_Tabbar.h; sourceTree = "<group>"; };
		9B56F7761ED2E8BC00EB8586 /* SUN_Tabbar.m */ = {isa = PBXFileReference; fileEncoding = 4; lastKnownFileType = sourcecode.c.objc; path = SUN_Tabbar.m; sourceTree = "<group>"; };
		9B56F7781ED2E90200EB8586 /* SUN_NavigationController.h */ = {isa = PBXFileReference; fileEncoding = 4; lastKnownFileType = sourcecode.c.h; path = SUN_NavigationController.h; sourceTree = "<group>"; };
		9B56F7791ED2E90200EB8586 /* SUN_NavigationController.m */ = {isa = PBXFileReference; fileEncoding = 4; lastKnownFileType = sourcecode.c.objc; path = SUN_NavigationController.m; sourceTree = "<group>"; };
		9B56F77B1ED2E91700EB8586 /* SUN_ViewController.h */ = {isa = PBXFileReference; fileEncoding = 4; lastKnownFileType = sourcecode.c.h; path = SUN_ViewController.h; sourceTree = "<group>"; };
		9B56F77C1ED2E91700EB8586 /* SUN_ViewController.m */ = {isa = PBXFileReference; fileEncoding = 4; lastKnownFileType = sourcecode.c.objc; path = SUN_ViewController.m; sourceTree = "<group>"; };
		9B6B96D51ED3D5A800C67830 /* GobalHongHeader.h */ = {isa = PBXFileReference; lastKnownFileType = sourcecode.c.h; path = GobalHongHeader.h; sourceTree = "<group>"; };
		9B6B96DF1ED3E63D00C67830 /* SUN_LanceController.h */ = {isa = PBXFileReference; fileEncoding = 4; lastKnownFileType = sourcecode.c.h; path = SUN_LanceController.h; sourceTree = "<group>"; };
		9B6B96E01ED3E63D00C67830 /* SUN_LanceController.m */ = {isa = PBXFileReference; fileEncoding = 4; lastKnownFileType = sourcecode.c.objc; path = SUN_LanceController.m; sourceTree = "<group>"; };
		9B6B96E11ED3E63D00C67830 /* SUN_LanceController.xib */ = {isa = PBXFileReference; fileEncoding = 4; lastKnownFileType = file.xib; path = SUN_LanceController.xib; sourceTree = "<group>"; };
		9B6B96E41ED3E94700C67830 /* SUN_MainViewController.h */ = {isa = PBXFileReference; fileEncoding = 4; lastKnownFileType = sourcecode.c.h; path = SUN_MainViewController.h; sourceTree = "<group>"; };
		9B6B96E51ED3E94700C67830 /* SUN_MainViewController.m */ = {isa = PBXFileReference; fileEncoding = 4; lastKnownFileType = sourcecode.c.objc; path = SUN_MainViewController.m; sourceTree = "<group>"; };
		9B6B96E61ED3E94700C67830 /* SUN_MainViewController.xib */ = {isa = PBXFileReference; fileEncoding = 4; lastKnownFileType = file.xib; path = SUN_MainViewController.xib; sourceTree = "<group>"; };
		9B6B96E91ED3E96B00C67830 /* SUN_MineViewController.h */ = {isa = PBXFileReference; fileEncoding = 4; lastKnownFileType = sourcecode.c.h; path = SUN_MineViewController.h; sourceTree = "<group>"; };
		9B6B96EA1ED3E96B00C67830 /* SUN_MineViewController.m */ = {isa = PBXFileReference; fileEncoding = 4; lastKnownFileType = sourcecode.c.objc; path = SUN_MineViewController.m; sourceTree = "<group>"; };
		9B6B96EB1ED3E96B00C67830 /* SUN_MineViewController.xib */ = {isa = PBXFileReference; fileEncoding = 4; lastKnownFileType = file.xib; path = SUN_MineViewController.xib; sourceTree = "<group>"; };
		9B6B96F11ED407CC00C67830 /* SUN_AttentionController.h */ = {isa = PBXFileReference; fileEncoding = 4; lastKnownFileType = sourcecode.c.h; path = SUN_AttentionController.h; sourceTree = "<group>"; };
		9B6B96F21ED407CC00C67830 /* SUN_AttentionController.m */ = {isa = PBXFileReference; fileEncoding = 4; lastKnownFileType = sourcecode.c.objc; path = SUN_AttentionController.m; sourceTree = "<group>"; };
		9B6B96F31ED407CC00C67830 /* SUN_AttentionController.xib */ = {isa = PBXFileReference; fileEncoding = 4; lastKnownFileType = file.xib; path = SUN_AttentionController.xib; sourceTree = "<group>"; };
		9B6B96F91ED4080100C67830 /* SUN_PopularController.h */ = {isa = PBXFileReference; fileEncoding = 4; lastKnownFileType = sourcecode.c.h; path = SUN_PopularController.h; sourceTree = "<group>"; };
		9B6B96FA1ED4080100C67830 /* SUN_PopularController.m */ = {isa = PBXFileReference; fileEncoding = 4; lastKnownFileType = sourcecode.c.objc; path = SUN_PopularController.m; sourceTree = "<group>"; };
		9B6B96FB1ED4080100C67830 /* SUN_PopularController.xib */ = {isa = PBXFileReference; fileEncoding = 4; lastKnownFileType = file.xib; path = SUN_PopularController.xib; sourceTree = "<group>"; };
		9B6B96FE1ED4082000C67830 /* SUN_NearbyController.h */ = {isa = PBXFileReference; fileEncoding = 4; lastKnownFileType = sourcecode.c.h; path = SUN_NearbyController.h; sourceTree = "<group>"; };
		9B6B96FF1ED4082000C67830 /* SUN_NearbyController.m */ = {isa = PBXFileReference; fileEncoding = 4; lastKnownFileType = sourcecode.c.objc; path = SUN_NearbyController.m; sourceTree = "<group>"; };
		9B6B97001ED4082000C67830 /* SUN_NearbyController.xib */ = {isa = PBXFileReference; fileEncoding = 4; lastKnownFileType = file.xib; path = SUN_NearbyController.xib; sourceTree = "<group>"; };
		9B7A265F1ED2DAAA009C397C /* AppDelegate.h */ = {isa = PBXFileReference; fileEncoding = 4; lastKnownFileType = sourcecode.c.h; path = AppDelegate.h; sourceTree = "<group>"; };
		9B7A26601ED2DAAA009C397C /* AppDelegate.m */ = {isa = PBXFileReference; fileEncoding = 4; lastKnownFileType = sourcecode.c.objc; path = AppDelegate.m; sourceTree = "<group>"; };
		9BA30FBD1ED2C42D000A7B5C /* LikeFlyerLiveAPP.app */ = {isa = PBXFileReference; explicitFileType = wrapper.application; includeInIndex = 0; path = LikeFlyerLiveAPP.app; sourceTree = BUILT_PRODUCTS_DIR; };
		9BA30FC11ED2C42D000A7B5C /* main.m */ = {isa = PBXFileReference; lastKnownFileType = sourcecode.c.objc; path = main.m; sourceTree = "<group>"; };
		9BA30FCA1ED2C42D000A7B5C /* Base */ = {isa = PBXFileReference; lastKnownFileType = file.storyboard; name = Base; path = Base.lproj/Main.storyboard; sourceTree = "<group>"; };
		9BA30FCC1ED2C42D000A7B5C /* Assets.xcassets */ = {isa = PBXFileReference; lastKnownFileType = folder.assetcatalog; path = Assets.xcassets; sourceTree = "<group>"; };
		9BA30FCF1ED2C42D000A7B5C /* Base */ = {isa = PBXFileReference; lastKnownFileType = file.storyboard; name = Base; path = Base.lproj/LaunchScreen.storyboard; sourceTree = "<group>"; };
		9BA30FD11ED2C42D000A7B5C /* Info.plist */ = {isa = PBXFileReference; lastKnownFileType = text.plist.xml; path = Info.plist; sourceTree = "<group>"; };
		9BA30FD61ED2C42D000A7B5C /* LikeFlyerLiveAPPTests.xctest */ = {isa = PBXFileReference; explicitFileType = wrapper.cfbundle; includeInIndex = 0; path = LikeFlyerLiveAPPTests.xctest; sourceTree = BUILT_PRODUCTS_DIR; };
		9BA30FDA1ED2C42D000A7B5C /* LikeFlyerLiveAPPTests.m */ = {isa = PBXFileReference; lastKnownFileType = sourcecode.c.objc; path = LikeFlyerLiveAPPTests.m; sourceTree = "<group>"; };
		9BA30FDC1ED2C42D000A7B5C /* Info.plist */ = {isa = PBXFileReference; lastKnownFileType = text.plist.xml; path = Info.plist; sourceTree = "<group>"; };
		9BA30FE11ED2C42D000A7B5C /* LikeFlyerLiveAPPUITests.xctest */ = {isa = PBXFileReference; explicitFileType = wrapper.cfbundle; includeInIndex = 0; path = LikeFlyerLiveAPPUITests.xctest; sourceTree = BUILT_PRODUCTS_DIR; };
		9BA30FE51ED2C42D000A7B5C /* LikeFlyerLiveAPPUITests.m */ = {isa = PBXFileReference; lastKnownFileType = sourcecode.c.objc; path = LikeFlyerLiveAPPUITests.m; sourceTree = "<group>"; };
		9BA30FE71ED2C42D000A7B5C /* Info.plist */ = {isa = PBXFileReference; lastKnownFileType = text.plist.xml; path = Info.plist; sourceTree = "<group>"; };
		C3867806EBB00C5B3F0A346E /* libPods-LikeFlyerLiveAPP.a */ = {isa = PBXFileReference; explicitFileType = archive.ar; includeInIndex = 0; path = "libPods-LikeFlyerLiveAPP.a"; sourceTree = BUILT_PRODUCTS_DIR; };
/* End PBXFileReference section */

/* Begin PBXFrameworksBuildPhase section */
		9BA30FBA1ED2C42D000A7B5C /* Frameworks */ = {
			isa = PBXFrameworksBuildPhase;
			buildActionMask = 2147483647;
			files = (
				9B38AF141ED6C60D006B41A0 /* VideoToolbox.framework in Frameworks */,
				9B38AF121ED6C605006B41A0 /* UIKit.framework in Frameworks */,
				9B38AF101ED6C601006B41A0 /* QuartzCore.framework in Frameworks */,
				9B38AF0E1ED6C5FA006B41A0 /* OpenGLES.framework in Frameworks */,
				9B38AF0C1ED6C5F6006B41A0 /* MobileCoreServices.framework in Frameworks */,
				9B38AF0A1ED6C5EC006B41A0 /* MediaPlayer.framework in Frameworks */,
				9B38AF081ED6C5E2006B41A0 /* libz.tbd in Frameworks */,
				9B38AF061ED6C5DC006B41A0 /* libbz2.tbd in Frameworks */,
				9B38AF041ED6C5D4006B41A0 /* CoreMedia.framework in Frameworks */,
				9B38AF021ED6C5CD006B41A0 /* CoreGraphics.framework in Frameworks */,
				9B38AF001ED6C5C8006B41A0 /* AVFoundation.framework in Frameworks */,
				9B38AEFE1ED6C5C1006B41A0 /* AudioToolbox.framework in Frameworks */,
				B8836EBB882D02FE6247B498 /* libPods-LikeFlyerLiveAPP.a in Frameworks */,
				9B38AF161ED6C64A006B41A0 /* IJKMediaFramework.framework in Frameworks */,
			);
			runOnlyForDeploymentPostprocessing = 0;
		};
		9BA30FD31ED2C42D000A7B5C /* Frameworks */ = {
			isa = PBXFrameworksBuildPhase;
			buildActionMask = 2147483647;
			files = (
			);
			runOnlyForDeploymentPostprocessing = 0;
		};
		9BA30FDE1ED2C42D000A7B5C /* Frameworks */ = {
			isa = PBXFrameworksBuildPhase;
			buildActionMask = 2147483647;
			files = (
			);
			runOnlyForDeploymentPostprocessing = 0;
		};
/* End PBXFrameworksBuildPhase section */

/* Begin PBXGroup section */
		5BDC07EEF86E6FAF41C40981 /* Frameworks */ = {
			isa = PBXGroup;
			children = (
				9B38AF131ED6C60D006B41A0 /* VideoToolbox.framework */,
				9B38AF111ED6C605006B41A0 /* UIKit.framework */,
				9B38AF0F1ED6C601006B41A0 /* QuartzCore.framework */,
				9B38AF0D1ED6C5FA006B41A0 /* OpenGLES.framework */,
				9B38AF0B1ED6C5F6006B41A0 /* MobileCoreServices.framework */,
				9B38AF091ED6C5EC006B41A0 /* MediaPlayer.framework */,
				9B38AF071ED6C5E2006B41A0 /* libz.tbd */,
				9B38AF051ED6C5DC006B41A0 /* libbz2.tbd */,
				9B38AF031ED6C5D4006B41A0 /* CoreMedia.framework */,
				9B38AF011ED6C5CD006B41A0 /* CoreGraphics.framework */,
				9B38AEFF1ED6C5C8006B41A0 /* AVFoundation.framework */,
				9B38AEFD1ED6C5C1006B41A0 /* AudioToolbox.framework */,
				C3867806EBB00C5B3F0A346E /* libPods-LikeFlyerLiveAPP.a */,
			);
			name = Frameworks;
			sourceTree = "<group>";
		};
		9B38AE441ED55880006B41A0 /* SunTools */ = {
			isa = PBXGroup;
			children = (
				9B38AE451ED55880006B41A0 /* category */,
				9B38AEC61ED55881006B41A0 /* SUNTools.h */,
				9B38AEC71ED55881006B41A0 /* SUNTools.m */,
			);
			path = SunTools;
			sourceTree = "<group>";
		};
		9B38AE451ED55880006B41A0 /* category */ = {
			isa = PBXGroup;
			children = (
				9B38AE461ED55880006B41A0 /* NSString+SUN.h */,
				9B38AE471ED55880006B41A0 /* NSString+SUN.m */,
				9B38AE481ED55880006B41A0 /* UIBarButtonItem+SUN.h */,
				9B38AE491ED55880006B41A0 /* UIBarButtonItem+SUN.m */,
				9B38AE4A1ED55880006B41A0 /* UIColor+SUN.h */,
				9B38AE4B1ED55880006B41A0 /* UIColor+SUN.m */,
				9B38AE4C1ED55880006B41A0 /* UIImage+SUN.h */,
				9B38AE4D1ED55880006B41A0 /* UIImage+SUN.m */,
			);
			path = category;
			sourceTree = "<group>";
		};
		9B38AEEC1ED57F2E006B41A0 /* 热门 */ = {
			isa = PBXGroup;
			children = (
				9B6B96F11ED407CC00C67830 /* SUN_AttentionController.h */,
				9B6B96F21ED407CC00C67830 /* SUN_AttentionController.m */,
				9B6B96F31ED407CC00C67830 /* SUN_AttentionController.xib */,
				9B6B96F91ED4080100C67830 /* SUN_PopularController.h */,
				9B6B96FA1ED4080100C67830 /* SUN_PopularController.m */,
				9B6B96FB1ED4080100C67830 /* SUN_PopularController.xib */,
				9B38AEE91ED56B83006B41A0 /* SUN_WKWebViewController.h */,
				9B38AEEA1ED56B83006B41A0 /* SUN_WKWebViewController.m */,
			);
			name = "热门";
			sourceTree = "<group>";
		};
		9B38AEED1ED57F45006B41A0 /* 附近 */ = {
			isa = PBXGroup;
			children = (
				9B6B96FE1ED4082000C67830 /* SUN_NearbyController.h */,
				9B6B96FF1ED4082000C67830 /* SUN_NearbyController.m */,
				9B6B97001ED4082000C67830 /* SUN_NearbyController.xib */,
			);
			name = "附近";
			sourceTree = "<group>";
		};
		9B7A263D1ED2DA63009C397C /* APPDelegate */ = {
			isa = PBXGroup;
			children = (
				9B7A265F1ED2DAAA009C397C /* AppDelegate.h */,
				9B7A26601ED2DAAA009C397C /* AppDelegate.m */,
			);
			path = APPDelegate;
			sourceTree = "<group>";
		};
		9B7A263E1ED2DA63009C397C /* classes */ = {
			isa = PBXGroup;
			children = (
				9B7A263F1ED2DA63009C397C /* Base */,
				9B7A26401ED2DA63009C397C /* Helper */,
				9B7A26431ED2DA63009C397C /* Libs */,
				9B7A26441ED2DA63009C397C /* Live */,
				9B7A26491ED2DA63009C397C /* Me */,
				9B7A26531ED2DA63009C397C /* Network */,
				9B7A26541ED2DA63009C397C /* Others */,
				9B7A26551ED2DA63009C397C /* Play */,
				9B7A265A1ED2DA63009C397C /* Show */,
			);
			path = classes;
			sourceTree = "<group>";
		};
		9B7A263F1ED2DA63009C397C /* Base */ = {
			isa = PBXGroup;
			children = (
				9B56F7721ED2E8A700EB8586 /* SUN_TabbarController.h */,
				9B56F7731ED2E8A700EB8586 /* SUN_TabbarController.m */,
				9B56F7751ED2E8BC00EB8586 /* SUN_Tabbar.h */,
				9B56F7761ED2E8BC00EB8586 /* SUN_Tabbar.m */,
				9B56F7781ED2E90200EB8586 /* SUN_NavigationController.h */,
				9B56F7791ED2E90200EB8586 /* SUN_NavigationController.m */,
				9B56F77B1ED2E91700EB8586 /* SUN_ViewController.h */,
				9B56F77C1ED2E91700EB8586 /* SUN_ViewController.m */,
			);
			path = Base;
			sourceTree = "<group>";
		};
		9B7A26401ED2DA63009C397C /* Helper */ = {
			isa = PBXGroup;
			children = (
				9B38AF1F1ED6D8E6006B41A0 /* BDSegmentView.h */,
				9B38AF201ED6D8E6006B41A0 /* BDSegmentView.m */,
				9B7A26411ED2DA63009C397C /* Category */,
				9B7A26421ED2DA63009C397C /* Tools */,
			);
			path = Helper;
			sourceTree = "<group>";
		};
		9B7A26411ED2DA63009C397C /* Category */ = {
			isa = PBXGroup;
			children = (
			);
			path = Category;
			sourceTree = "<group>";
		};
		9B7A26421ED2DA63009C397C /* Tools */ = {
			isa = PBXGroup;
			children = (
				9B38AE441ED55880006B41A0 /* SunTools */,
			);
			path = Tools;
			sourceTree = "<group>";
		};
		9B7A26431ED2DA63009C397C /* Libs */ = {
			isa = PBXGroup;
			children = (
			);
			path = Libs;
			sourceTree = "<group>";
		};
		9B7A26441ED2DA63009C397C /* Live */ = {
			isa = PBXGroup;
			children = (
				9B7A26451ED2DA63009C397C /* Controllers */,
				9B7A26461ED2DA63009C397C /* Handler */,
				9B7A26471ED2DA63009C397C /* Models */,
				9B7A26481ED2DA63009C397C /* Views */,
			);
			path = Live;
			sourceTree = "<group>";
		};
		9B7A26451ED2DA63009C397C /* Controllers */ = {
			isa = PBXGroup;
			children = (
				9B6B96DF1ED3E63D00C67830 /* SUN_LanceController.h */,
				9B6B96E01ED3E63D00C67830 /* SUN_LanceController.m */,
				9B6B96E11ED3E63D00C67830 /* SUN_LanceController.xib */,
			);
			path = Controllers;
			sourceTree = "<group>";
		};
		9B7A26461ED2DA63009C397C /* Handler */ = {
			isa = PBXGroup;
			children = (
			);
			path = Handler;
			sourceTree = "<group>";
		};
		9B7A26471ED2DA63009C397C /* Models */ = {
			isa = PBXGroup;
			children = (
			);
			path = Models;
			sourceTree = "<group>";
		};
		9B7A26481ED2DA63009C397C /* Views */ = {
			isa = PBXGroup;
			children = (
			);
			path = Views;
			sourceTree = "<group>";
		};
		9B7A26491ED2DA63009C397C /* Me */ = {
			isa = PBXGroup;
			children = (
				9B7A264A1ED2DA63009C397C /* Controllers */,
				9B7A264B1ED2DA63009C397C /* Handler */,
				9B7A264C1ED2DA63009C397C /* Models */,
				9B7A264D1ED2DA63009C397C /* Show */,
				9B7A26521ED2DA63009C397C /* Views */,
			);
			path = Me;
			sourceTree = "<group>";
		};
		9B7A264A1ED2DA63009C397C /* Controllers */ = {
			isa = PBXGroup;
			children = (
				9B6B96E91ED3E96B00C67830 /* SUN_MineViewController.h */,
				9B6B96EA1ED3E96B00C67830 /* SUN_MineViewController.m */,
				9B6B96EB1ED3E96B00C67830 /* SUN_MineViewController.xib */,
			);
			path = Controllers;
			sourceTree = "<group>";
		};
		9B7A264B1ED2DA63009C397C /* Handler */ = {
			isa = PBXGroup;
			children = (
			);
			path = Handler;
			sourceTree = "<group>";
		};
		9B7A264C1ED2DA63009C397C /* Models */ = {
			isa = PBXGroup;
			children = (
			);
			path = Models;
			sourceTree = "<group>";
		};
		9B7A264D1ED2DA63009C397C /* Show */ = {
			isa = PBXGroup;
			children = (
				9B7A264E1ED2DA63009C397C /* Controllers */,
				9B7A264F1ED2DA63009C397C /* Handler */,
				9B7A26501ED2DA63009C397C /* Models */,
				9B7A26511ED2DA63009C397C /* Views */,
			);
			path = Show;
			sourceTree = "<group>";
		};
		9B7A264E1ED2DA63009C397C /* Controllers */ = {
			isa = PBXGroup;
			children = (
			);
			path = Controllers;
			sourceTree = "<group>";
		};
		9B7A264F1ED2DA63009C397C /* Handler */ = {
			isa = PBXGroup;
			children = (
			);
			path = Handler;
			sourceTree = "<group>";
		};
		9B7A26501ED2DA63009C397C /* Models */ = {
			isa = PBXGroup;
			children = (
			);
			path = Models;
			sourceTree = "<group>";
		};
		9B7A26511ED2DA63009C397C /* Views */ = {
			isa = PBXGroup;
			children = (
			);
			path = Views;
			sourceTree = "<group>";
		};
		9B7A26521ED2DA63009C397C /* Views */ = {
			isa = PBXGroup;
			children = (
			);
			path = Views;
			sourceTree = "<group>";
		};
		9B7A26531ED2DA63009C397C /* Network */ = {
			isa = PBXGroup;
			children = (
				9B38AEE21ED55B27006B41A0 /* APIConfig.h */,
				9B38AEE31ED55B94006B41A0 /* SUNHTTPTool.h */,
				9B38AEE41ED55B94006B41A0 /* SUNHTTPTool.m */,
			);
			path = Network;
			sourceTree = "<group>";
		};
		9B7A26541ED2DA63009C397C /* Others */ = {
			isa = PBXGroup;
			children = (
			);
			path = Others;
			sourceTree = "<group>";
		};
		9B7A26551ED2DA63009C397C /* Play */ = {
			isa = PBXGroup;
			children = (
				9B7A26561ED2DA63009C397C /* Controllers */,
				9B7A26571ED2DA63009C397C /* Handler */,
				9B7A26581ED2DA63009C397C /* Models */,
				9B7A26591ED2DA63009C397C /* Views */,
			);
			path = Play;
			sourceTree = "<group>";
		};
		9B7A26561ED2DA63009C397C /* Controllers */ = {
			isa = PBXGroup;
			children = (
			);
			path = Controllers;
			sourceTree = "<group>";
		};
		9B7A26571ED2DA63009C397C /* Handler */ = {
			isa = PBXGroup;
			children = (
			);
			path = Handler;
			sourceTree = "<group>";
		};
		9B7A26581ED2DA63009C397C /* Models */ = {
			isa = PBXGroup;
			children = (
			);
			path = Models;
			sourceTree = "<group>";
		};
		9B7A26591ED2DA63009C397C /* Views */ = {
			isa = PBXGroup;
			children = (
			);
			path = Views;
			sourceTree = "<group>";
		};
		9B7A265A1ED2DA63009C397C /* Show */ = {
			isa = PBXGroup;
			children = (
				9B7A265C1ED2DA63009C397C /* Handler */,
				9B7A265B1ED2DA63009C397C /* Controllers */,
				9B7A265D1ED2DA63009C397C /* Models */,
				9B7A265E1ED2DA63009C397C /* Views */,
			);
			path = Show;
			sourceTree = "<group>";
		};
		9B7A265B1ED2DA63009C397C /* Controllers */ = {
			isa = PBXGroup;
			children = (
				9B6B96E41ED3E94700C67830 /* SUN_MainViewController.h */,
				9B6B96E51ED3E94700C67830 /* SUN_MainViewController.m */,
				9B6B96E61ED3E94700C67830 /* SUN_MainViewController.xib */,
				9B38AEEC1ED57F2E006B41A0 /* 热门 */,
				9B38AEED1ED57F45006B41A0 /* 附近 */,
				9B38AF171ED6C769006B41A0 /* SUNPlayerViewController.h */,
				9B38AF181ED6C769006B41A0 /* SUNPlayerViewController.m */,
				9B38AF1A1ED6D35E006B41A0 /* SUNPlayerChlidController.h */,
				9B38AF1B1ED6D35E006B41A0 /* SUNPlayerChlidController.m */,
				9B38AF1C1ED6D35E006B41A0 /* SUNPlayerChlidController.xib */,
			);
			path = Controllers;
			sourceTree = "<group>";
		};
		9B7A265C1ED2DA63009C397C /* Handler */ = {
			isa = PBXGroup;
			children = (
			);
			path = Handler;
			sourceTree = "<group>";
		};
		9B7A265D1ED2DA63009C397C /* Models */ = {
			isa = PBXGroup;
			children = (
				9B38AE3E1ED55787006B41A0 /* SUN_ShowListModel.h */,
				9B38AE3F1ED55787006B41A0 /* SUN_ShowListModel.m */,
				9B38AE411ED55804006B41A0 /* SUN_CreatorModel.h */,
				9B38AE421ED55804006B41A0 /* SUN_CreatorModel.m */,
				9B38AEE61ED5691C006B41A0 /* ScrollListModel.h */,
				9B38AEE71ED5691C006B41A0 /* ScrollListModel.m */,
				9B38AEF31ED581DD006B41A0 /* SUN_NearListModel.h */,
				9B38AEF41ED581DD006B41A0 /* SUN_NearListModel.m */,
			);
			path = Models;
			sourceTree = "<group>";
		};
		9B7A265E1ED2DA63009C397C /* Views */ = {
			isa = PBXGroup;
			children = (
				9B38AE391ED554AC006B41A0 /* SUN_ShowListCell.h */,
				9B38AE3A1ED554AC006B41A0 /* SUN_ShowListCell.m */,
				9B38AE3B1ED554AC006B41A0 /* SUN_ShowListCell.xib */,
				9B38AEEE1ED58082006B41A0 /* SUN_NearbyCollectionItem.h */,
				9B38AEEF1ED58082006B41A0 /* SUN_NearbyCollectionItem.m */,
				9B38AEF01ED58082006B41A0 /* SUN_NearbyCollectionItem.xib */,
			);
			path = Views;
			sourceTree = "<group>";
		};
		9BA30FB41ED2C42D000A7B5C = {
			isa = PBXGroup;
			children = (
				9B38AF151ED6C64A006B41A0 /* IJKMediaFramework.framework */,
				9BA30FBF1ED2C42D000A7B5C /* LikeFlyerLiveAPP */,
				9BA30FD91ED2C42D000A7B5C /* LikeFlyerLiveAPPTests */,
				9BA30FE41ED2C42D000A7B5C /* LikeFlyerLiveAPPUITests */,
				9BA30FBE1ED2C42D000A7B5C /* Products */,
				ACE99B614F51CC6F4B59CFB3 /* Pods */,
				5BDC07EEF86E6FAF41C40981 /* Frameworks */,
			);
			sourceTree = "<group>";
		};
		9BA30FBE1ED2C42D000A7B5C /* Products */ = {
			isa = PBXGroup;
			children = (
				9BA30FBD1ED2C42D000A7B5C /* LikeFlyerLiveAPP.app */,
				9BA30FD61ED2C42D000A7B5C /* LikeFlyerLiveAPPTests.xctest */,
				9BA30FE11ED2C42D000A7B5C /* LikeFlyerLiveAPPUITests.xctest */,
			);
			name = Products;
			sourceTree = "<group>";
		};
		9BA30FBF1ED2C42D000A7B5C /* LikeFlyerLiveAPP */ = {
			isa = PBXGroup;
			children = (
				9B7A263D1ED2DA63009C397C /* APPDelegate */,
				9B7A263E1ED2DA63009C397C /* classes */,
				9BA30FC01ED2C42D000A7B5C /* Supporting Files */,
			);
			path = LikeFlyerLiveAPP;
			sourceTree = "<group>";
		};
		9BA30FC01ED2C42D000A7B5C /* Supporting Files */ = {
			isa = PBXGroup;
			children = (
				9BA30FC91ED2C42D000A7B5C /* Main.storyboard */,
				9BA30FCC1ED2C42D000A7B5C /* Assets.xcassets */,
				9BA30FCE1ED2C42D000A7B5C /* LaunchScreen.storyboard */,
				9BA30FD11ED2C42D000A7B5C /* Info.plist */,
				9BA30FC11ED2C42D000A7B5C /* main.m */,
				9B56F7701ED2DFD000EB8586 /* PrefixHeader.pch */,
				9B56F7711ED2E06500EB8586 /* Header.h */,
				9B6B96D51ED3D5A800C67830 /* GobalHongHeader.h */,
			);
			name = "Supporting Files";
			sourceTree = "<group>";
		};
		9BA30FD91ED2C42D000A7B5C /* LikeFlyerLiveAPPTests */ = {
			isa = PBXGroup;
			children = (
				9BA30FDA1ED2C42D000A7B5C /* LikeFlyerLiveAPPTests.m */,
				9BA30FDC1ED2C42D000A7B5C /* Info.plist */,
			);
			path = LikeFlyerLiveAPPTests;
			sourceTree = "<group>";
		};
		9BA30FE41ED2C42D000A7B5C /* LikeFlyerLiveAPPUITests */ = {
			isa = PBXGroup;
			children = (
				9BA30FE51ED2C42D000A7B5C /* LikeFlyerLiveAPPUITests.m */,
				9BA30FE71ED2C42D000A7B5C /* Info.plist */,
			);
			path = LikeFlyerLiveAPPUITests;
			sourceTree = "<group>";
		};
		ACE99B614F51CC6F4B59CFB3 /* Pods */ = {
			isa = PBXGroup;
			children = (
				6E661D4AB532C1A9B7433E45 /* Pods-LikeFlyerLiveAPP.debug.xcconfig */,
				3F0A3362CD31B5E098E2EEE0 /* Pods-LikeFlyerLiveAPP.release.xcconfig */,
			);
			name = Pods;
			sourceTree = "<group>";
		};
/* End PBXGroup section */

/* Begin PBXNativeTarget section */
		9BA30FBC1ED2C42D000A7B5C /* LikeFlyerLiveAPP */ = {
			isa = PBXNativeTarget;
			buildConfigurationList = 9BA30FEA1ED2C42D000A7B5C /* Build configuration list for PBXNativeTarget "LikeFlyerLiveAPP" */;
			buildPhases = (
				CE2098A2DDDF0798F621AA4D /* [CP] Check Pods Manifest.lock */,
				9BA30FB91ED2C42D000A7B5C /* Sources */,
				9BA30FBA1ED2C42D000A7B5C /* Frameworks */,
				9BA30FBB1ED2C42D000A7B5C /* Resources */,
				DF9281A0FA6B18A000D3DF89 /* [CP] Embed Pods Frameworks */,
				D55DE98E340F8C944A2240E6 /* [CP] Copy Pods Resources */,
			);
			buildRules = (
			);
			dependencies = (
			);
			name = LikeFlyerLiveAPP;
			productName = LikeFlyerLiveAPP;
			productReference = 9BA30FBD1ED2C42D000A7B5C /* LikeFlyerLiveAPP.app */;
			productType = "com.apple.product-type.application";
		};
		9BA30FD51ED2C42D000A7B5C /* LikeFlyerLiveAPPTests */ = {
			isa = PBXNativeTarget;
			buildConfigurationList = 9BA30FED1ED2C42D000A7B5C /* Build configuration list for PBXNativeTarget "LikeFlyerLiveAPPTests" */;
			buildPhases = (
				9BA30FD21ED2C42D000A7B5C /* Sources */,
				9BA30FD31ED2C42D000A7B5C /* Frameworks */,
				9BA30FD41ED2C42D000A7B5C /* Resources */,
			);
			buildRules = (
			);
			dependencies = (
				9BA30FD81ED2C42D000A7B5C /* PBXTargetDependency */,
			);
			name = LikeFlyerLiveAPPTests;
			productName = LikeFlyerLiveAPPTests;
			productReference = 9BA30FD61ED2C42D000A7B5C /* LikeFlyerLiveAPPTests.xctest */;
			productType = "com.apple.product-type.bundle.unit-test";
		};
		9BA30FE01ED2C42D000A7B5C /* LikeFlyerLiveAPPUITests */ = {
			isa = PBXNativeTarget;
			buildConfigurationList = 9BA30FF01ED2C42D000A7B5C /* Build configuration list for PBXNativeTarget "LikeFlyerLiveAPPUITests" */;
			buildPhases = (
				9BA30FDD1ED2C42D000A7B5C /* Sources */,
				9BA30FDE1ED2C42D000A7B5C /* Frameworks */,
				9BA30FDF1ED2C42D000A7B5C /* Resources */,
			);
			buildRules = (
			);
			dependencies = (
				9BA30FE31ED2C42D000A7B5C /* PBXTargetDependency */,
			);
			name = LikeFlyerLiveAPPUITests;
			productName = LikeFlyerLiveAPPUITests;
			productReference = 9BA30FE11ED2C42D000A7B5C /* LikeFlyerLiveAPPUITests.xctest */;
			productType = "com.apple.product-type.bundle.ui-testing";
		};
/* End PBXNativeTarget section */

/* Begin PBXProject section */
		9BA30FB51ED2C42D000A7B5C /* Project object */ = {
			isa = PBXProject;
			attributes = {
				LastUpgradeCheck = 0830;
				ORGANIZATIONNAME = SunQishuang;
				TargetAttributes = {
					9BA30FBC1ED2C42D000A7B5C = {
						CreatedOnToolsVersion = 8.3;
						DevelopmentTeam = V2WV6W2CC3;
						ProvisioningStyle = Automatic;
					};
					9BA30FD51ED2C42D000A7B5C = {
						CreatedOnToolsVersion = 8.3;
						DevelopmentTeam = V2WV6W2CC3;
						ProvisioningStyle = Automatic;
						TestTargetID = 9BA30FBC1ED2C42D000A7B5C;
					};
					9BA30FE01ED2C42D000A7B5C = {
						CreatedOnToolsVersion = 8.3;
						DevelopmentTeam = V2WV6W2CC3;
						ProvisioningStyle = Automatic;
						TestTargetID = 9BA30FBC1ED2C42D000A7B5C;
					};
				};
			};
			buildConfigurationList = 9BA30FB81ED2C42D000A7B5C /* Build configuration list for PBXProject "LikeFlyerLiveAPP" */;
			compatibilityVersion = "Xcode 3.2";
			developmentRegion = English;
			hasScannedForEncodings = 0;
			knownRegions = (
				en,
				Base,
			);
			mainGroup = 9BA30FB41ED2C42D000A7B5C;
			productRefGroup = 9BA30FBE1ED2C42D000A7B5C /* Products */;
			projectDirPath = "";
			projectRoot = "";
			targets = (
				9BA30FBC1ED2C42D000A7B5C /* LikeFlyerLiveAPP */,
				9BA30FD51ED2C42D000A7B5C /* LikeFlyerLiveAPPTests */,
				9BA30FE01ED2C42D000A7B5C /* LikeFlyerLiveAPPUITests */,
			);
		};
/* End PBXProject section */

/* Begin PBXResourcesBuildPhase section */
		9BA30FBB1ED2C42D000A7B5C /* Resources */ = {
			isa = PBXResourcesBuildPhase;
			buildActionMask = 2147483647;
			files = (
				9B6B96ED1ED3E96B00C67830 /* SUN_MineViewController.xib in Resources */,
				9B38AEF21ED58082006B41A0 /* SUN_NearbyCollectionItem.xib in Resources */,
				9B6B97021ED4082000C67830 /* SUN_NearbyController.xib in Resources */,
				9B6B96E81ED3E94700C67830 /* SUN_MainViewController.xib in Resources */,
				9B6B96E31ED3E63D00C67830 /* SUN_LanceController.xib in Resources */,
				9BA30FD01ED2C42D000A7B5C /* LaunchScreen.storyboard in Resources */,
				9B38AE3D1ED554AC006B41A0 /* SUN_ShowListCell.xib in Resources */,
				9B6B96F51ED407CC00C67830 /* SUN_AttentionController.xib in Resources */,
				9B38AF1E1ED6D35E006B41A0 /* SUNPlayerChlidController.xib in Resources */,
				9BA30FCD1ED2C42D000A7B5C /* Assets.xcassets in Resources */,
				9B6B96FD1ED4080100C67830 /* SUN_PopularController.xib in Resources */,
				9BA30FCB1ED2C42D000A7B5C /* Main.storyboard in Resources */,
			);
			runOnlyForDeploymentPostprocessing = 0;
		};
		9BA30FD41ED2C42D000A7B5C /* Resources */ = {
			isa = PBXResourcesBuildPhase;
			buildActionMask = 2147483647;
			files = (
			);
			runOnlyForDeploymentPostprocessing = 0;
		};
		9BA30FDF1ED2C42D000A7B5C /* Resources */ = {
			isa = PBXResourcesBuildPhase;
			buildActionMask = 2147483647;
			files = (
			);
			runOnlyForDeploymentPostprocessing = 0;
		};
/* End PBXResourcesBuildPhase section */

/* Begin PBXShellScriptBuildPhase section */
		CE2098A2DDDF0798F621AA4D /* [CP] Check Pods Manifest.lock */ = {
			isa = PBXShellScriptBuildPhase;
			buildActionMask = 2147483647;
			files = (
			);
			inputPaths = (
			);
			name = "[CP] Check Pods Manifest.lock";
			outputPaths = (
			);
			runOnlyForDeploymentPostprocessing = 0;
			shellPath = /bin/sh;
			shellScript = "diff \"${PODS_ROOT}/../Podfile.lock\" \"${PODS_ROOT}/Manifest.lock\" > /dev/null\nif [ $? != 0 ] ; then\n    # print error to STDERR\n    echo \"error: The sandbox is not in sync with the Podfile.lock. Run 'pod install' or update your CocoaPods installation.\" >&2\n    exit 1\nfi\n";
			showEnvVarsInLog = 0;
		};
		D55DE98E340F8C944A2240E6 /* [CP] Copy Pods Resources */ = {
			isa = PBXShellScriptBuildPhase;
			buildActionMask = 2147483647;
			files = (
			);
			inputPaths = (
			);
			name = "[CP] Copy Pods Resources";
			outputPaths = (
			);
			runOnlyForDeploymentPostprocessing = 0;
			shellPath = /bin/sh;
			shellScript = "\"${SRCROOT}/Pods/Target Support Files/Pods-LikeFlyerLiveAPP/Pods-LikeFlyerLiveAPP-resources.sh\"\n";
			showEnvVarsInLog = 0;
		};
		DF9281A0FA6B18A000D3DF89 /* [CP] Embed Pods Frameworks */ = {
			isa = PBXShellScriptBuildPhase;
			buildActionMask = 2147483647;
			files = (
			);
			inputPaths = (
			);
			name = "[CP] Embed Pods Frameworks";
			outputPaths = (
			);
			runOnlyForDeploymentPostprocessing = 0;
			shellPath = /bin/sh;
			shellScript = "\"${SRCROOT}/Pods/Target Support Files/Pods-LikeFlyerLiveAPP/Pods-LikeFlyerLiveAPP-frameworks.sh\"\n";
			showEnvVarsInLog = 0;
		};
/* End PBXShellScriptBuildPhase section */

/* Begin PBXSourcesBuildPhase section */
		9BA30FB91ED2C42D000A7B5C /* Sources */ = {
			isa = PBXSourcesBuildPhase;
			buildActionMask = 2147483647;
			files = (
				9B38AEC91ED55881006B41A0 /* UIBarButtonItem+SUN.m in Sources */,
				9B56F77A1ED2E90200EB8586 /* SUN_NavigationController.m in Sources */,
				9B38AE431ED55804006B41A0 /* SUN_CreatorModel.m in Sources */,
				9B38AEC81ED55881006B41A0 /* NSString+SUN.m in Sources */,
				9B38AECA1ED55881006B41A0 /* UIColor+SUN.m in Sources */,
				9B56F7771ED2E8BC00EB8586 /* SUN_Tabbar.m in Sources */,
				9B38AF191ED6C769006B41A0 /* SUNPlayerViewController.m in Sources */,
				9B38AEE51ED55B94006B41A0 /* SUNHTTPTool.m in Sources */,
				9B56F7741ED2E8A700EB8586 /* SUN_TabbarController.m in Sources */,
				9B7A26611ED2DAAA009C397C /* AppDelegate.m in Sources */,
				9B6B96E71ED3E94700C67830 /* SUN_MainViewController.m in Sources */,
				9B38AEF51ED581DD006B41A0 /* SUN_NearListModel.m in Sources */,
				9B38AEEB1ED56B83006B41A0 /* SUN_WKWebViewController.m in Sources */,
				9B6B96F41ED407CC00C67830 /* SUN_AttentionController.m in Sources */,
				9B38AEE11ED55881006B41A0 /* SUNTools.m in Sources */,
				9B38AE3C1ED554AC006B41A0 /* SUN_ShowListCell.m in Sources */,
				9B6B96EC1ED3E96B00C67830 /* SUN_MineViewController.m in Sources */,
				9B6B97011ED4082000C67830 /* SUN_NearbyController.m in Sources */,
				9B38AF1D1ED6D35E006B41A0 /* SUNPlayerChlidController.m in Sources */,
				9B6B96FC1ED4080100C67830 /* SUN_PopularController.m in Sources */,
				9B38AEE81ED5691C006B41A0 /* ScrollListModel.m in Sources */,
				9B38AECB1ED55881006B41A0 /* UIImage+SUN.m in Sources */,
				9B38AF211ED6D8E6006B41A0 /* BDSegmentView.m in Sources */,
				9BA30FC21ED2C42D000A7B5C /* main.m in Sources */,
				9B38AE401ED55787006B41A0 /* SUN_ShowListModel.m in Sources */,
				9B6B96E21ED3E63D00C67830 /* SUN_LanceController.m in Sources */,
				9B38AEF11ED58082006B41A0 /* SUN_NearbyCollectionItem.m in Sources */,
				9B56F77D1ED2E91700EB8586 /* SUN_ViewController.m in Sources */,
			);
			runOnlyForDeploymentPostprocessing = 0;
		};
		9BA30FD21ED2C42D000A7B5C /* Sources */ = {
			isa = PBXSourcesBuildPhase;
			buildActionMask = 2147483647;
			files = (
				9BA30FDB1ED2C42D000A7B5C /* LikeFlyerLiveAPPTests.m in Sources */,
			);
			runOnlyForDeploymentPostprocessing = 0;
		};
		9BA30FDD1ED2C42D000A7B5C /* Sources */ = {
			isa = PBXSourcesBuildPhase;
			buildActionMask = 2147483647;
			files = (
				9BA30FE61ED2C42D000A7B5C /* LikeFlyerLiveAPPUITests.m in Sources */,
			);
			runOnlyForDeploymentPostprocessing = 0;
		};
/* End PBXSourcesBuildPhase section */

/* Begin PBXTargetDependency section */
		9BA30FD81ED2C42D000A7B5C /* PBXTargetDependency */ = {
			isa = PBXTargetDependency;
			target = 9BA30FBC1ED2C42D000A7B5C /* LikeFlyerLiveAPP */;
			targetProxy = 9BA30FD71ED2C42D000A7B5C /* PBXContainerItemProxy */;
		};
		9BA30FE31ED2C42D000A7B5C /* PBXTargetDependency */ = {
			isa = PBXTargetDependency;
			target = 9BA30FBC1ED2C42D000A7B5C /* LikeFlyerLiveAPP */;
			targetProxy = 9BA30FE21ED2C42D000A7B5C /* PBXContainerItemProxy */;
		};
/* End PBXTargetDependency section */

/* Begin PBXVariantGroup section */
		9BA30FC91ED2C42D000A7B5C /* Main.storyboard */ = {
			isa = PBXVariantGroup;
			children = (
				9BA30FCA1ED2C42D000A7B5C /* Base */,
			);
			name = Main.storyboard;
			sourceTree = "<group>";
		};
		9BA30FCE1ED2C42D000A7B5C /* LaunchScreen.storyboard */ = {
			isa = PBXVariantGroup;
			children = (
				9BA30FCF1ED2C42D000A7B5C /* Base */,
			);
			name = LaunchScreen.storyboard;
			sourceTree = "<group>";
		};
/* End PBXVariantGroup section */

/* Begin XCBuildConfiguration section */
		9BA30FE81ED2C42D000A7B5C /* Debug */ = {
			isa = XCBuildConfiguration;
			buildSettings = {
				ALWAYS_SEARCH_USER_PATHS = NO;
				CLANG_ANALYZER_NONNULL = YES;
				CLANG_ANALYZER_NUMBER_OBJECT_CONVERSION = YES_AGGRESSIVE;
				CLANG_CXX_LANGUAGE_STANDARD = "gnu++0x";
				CLANG_CXX_LIBRARY = "libc++";
				CLANG_ENABLE_MODULES = YES;
				CLANG_ENABLE_OBJC_ARC = YES;
				CLANG_WARN_BOOL_CONVERSION = YES;
				CLANG_WARN_CONSTANT_CONVERSION = YES;
				CLANG_WARN_DIRECT_OBJC_ISA_USAGE = YES_ERROR;
				CLANG_WARN_DOCUMENTATION_COMMENTS = YES;
				CLANG_WARN_EMPTY_BODY = YES;
				CLANG_WARN_ENUM_CONVERSION = YES;
				CLANG_WARN_INFINITE_RECURSION = YES;
				CLANG_WARN_INT_CONVERSION = YES;
				CLANG_WARN_OBJC_ROOT_CLASS = YES_ERROR;
				CLANG_WARN_SUSPICIOUS_MOVE = YES;
				CLANG_WARN_UNREACHABLE_CODE = YES;
				CLANG_WARN__DUPLICATE_METHOD_MATCH = YES;
				"CODE_SIGN_IDENTITY[sdk=iphoneos*]" = "iPhone Developer";
				COPY_PHASE_STRIP = NO;
				DEBUG_INFORMATION_FORMAT = dwarf;
				ENABLE_STRICT_OBJC_MSGSEND = YES;
				ENABLE_TESTABILITY = YES;
				GCC_C_LANGUAGE_STANDARD = gnu99;
				GCC_DYNAMIC_NO_PIC = NO;
				GCC_NO_COMMON_BLOCKS = YES;
				GCC_OPTIMIZATION_LEVEL = 0;
				GCC_PREPROCESSOR_DEFINITIONS = (
					"DEBUG=1",
					"$(inherited)",
				);
				GCC_WARN_64_TO_32_BIT_CONVERSION = YES;
				GCC_WARN_ABOUT_RETURN_TYPE = YES_ERROR;
				GCC_WARN_UNDECLARED_SELECTOR = YES;
				GCC_WARN_UNINITIALIZED_AUTOS = YES_AGGRESSIVE;
				GCC_WARN_UNUSED_FUNCTION = YES;
				GCC_WARN_UNUSED_VARIABLE = YES;
				IPHONEOS_DEPLOYMENT_TARGET = 10.3;
				MTL_ENABLE_DEBUG_INFO = YES;
				ONLY_ACTIVE_ARCH = YES;
				SDKROOT = iphoneos;
				TARGETED_DEVICE_FAMILY = "1,2";
			};
			name = Debug;
		};
		9BA30FE91ED2C42D000A7B5C /* Release */ = {
			isa = XCBuildConfiguration;
			buildSettings = {
				ALWAYS_SEARCH_USER_PATHS = NO;
				CLANG_ANALYZER_NONNULL = YES;
				CLANG_ANALYZER_NUMBER_OBJECT_CONVERSION = YES_AGGRESSIVE;
				CLANG_CXX_LANGUAGE_STANDARD = "gnu++0x";
				CLANG_CXX_LIBRARY = "libc++";
				CLANG_ENABLE_MODULES = YES;
				CLANG_ENABLE_OBJC_ARC = YES;
				CLANG_WARN_BOOL_CONVERSION = YES;
				CLANG_WARN_CONSTANT_CONVERSION = YES;
				CLANG_WARN_DIRECT_OBJC_ISA_USAGE = YES_ERROR;
				CLANG_WARN_DOCUMENTATION_COMMENTS = YES;
				CLANG_WARN_EMPTY_BODY = YES;
				CLANG_WARN_ENUM_CONVERSION = YES;
				CLANG_WARN_INFINITE_RECURSION = YES;
				CLANG_WARN_INT_CONVERSION = YES;
				CLANG_WARN_OBJC_ROOT_CLASS = YES_ERROR;
				CLANG_WARN_SUSPICIOUS_MOVE = YES;
				CLANG_WARN_UNREACHABLE_CODE = YES;
				CLANG_WARN__DUPLICATE_METHOD_MATCH = YES;
				"CODE_SIGN_IDENTITY[sdk=iphoneos*]" = "iPhone Developer";
				COPY_PHASE_STRIP = NO;
				DEBUG_INFORMATION_FORMAT = "dwarf-with-dsym";
				ENABLE_NS_ASSERTIONS = NO;
				ENABLE_STRICT_OBJC_MSGSEND = YES;
				GCC_C_LANGUAGE_STANDARD = gnu99;
				GCC_NO_COMMON_BLOCKS = YES;
				GCC_WARN_64_TO_32_BIT_CONVERSION = YES;
				GCC_WARN_ABOUT_RETURN_TYPE = YES_ERROR;
				GCC_WARN_UNDECLARED_SELECTOR = YES;
				GCC_WARN_UNINITIALIZED_AUTOS = YES_AGGRESSIVE;
				GCC_WARN_UNUSED_FUNCTION = YES;
				GCC_WARN_UNUSED_VARIABLE = YES;
				IPHONEOS_DEPLOYMENT_TARGET = 10.3;
				MTL_ENABLE_DEBUG_INFO = NO;
				SDKROOT = iphoneos;
				TARGETED_DEVICE_FAMILY = "1,2";
				VALIDATE_PRODUCT = YES;
			};
			name = Release;
		};
		9BA30FEB1ED2C42D000A7B5C /* Debug */ = {
			isa = XCBuildConfiguration;
			baseConfigurationReference = 6E661D4AB532C1A9B7433E45 /* Pods-LikeFlyerLiveAPP.debug.xcconfig */;
			buildSettings = {
				ASSETCATALOG_COMPILER_APPICON_NAME = AppIcon;
				DEVELOPMENT_TEAM = V2WV6W2CC3;
				FRAMEWORK_SEARCH_PATHS = (
					"$(inherited)",
					"$(PROJECT_DIR)/LikeFlyerLiveAPP/classes/Helper/Tools/SunTools/LMPay/AliPaySDK",
					"$(PROJECT_DIR)/LikeFlyerLiveAPP",
					"$(PROJECT_DIR)",
				);
				GCC_PREFIX_HEADER = "$(SRCROOT)/LikeFlyerLiveAPP/PrefixHeader.pch";
				INFOPLIST_FILE = LikeFlyerLiveAPP/Info.plist;
				IPHONEOS_DEPLOYMENT_TARGET = 8.0;
				LD_RUNPATH_SEARCH_PATHS = "$(inherited) @executable_path/Frameworks";
				LIBRARY_SEARCH_PATHS = (
					"$(inherited)",
					"$(PROJECT_DIR)/LikeFlyerLiveAPP/classes/Helper/Tools/SunTools/LMPay/AliPaySDK",
					"$(PROJECT_DIR)/LikeFlyerLiveAPP/classes/Helper/Tools/SunTools/LMPay/WeiXinSDK/WX",
				);
				PRODUCT_BUNDLE_IDENTIFIER = com.sunqishaung.;
				PRODUCT_NAME = "$(TARGET_NAME)";
			};
			name = Debug;
		};
		9BA30FEC1ED2C42D000A7B5C /* Release */ = {
			isa = XCBuildConfiguration;
			baseConfigurationReference = 3F0A3362CD31B5E098E2EEE0 /* Pods-LikeFlyerLiveAPP.release.xcconfig */;
			buildSettings = {
				ASSETCATALOG_COMPILER_APPICON_NAME = AppIcon;
				DEVELOPMENT_TEAM = V2WV6W2CC3;
				FRAMEWORK_SEARCH_PATHS = (
					"$(inherited)",
					"$(PROJECT_DIR)/LikeFlyerLiveAPP/classes/Helper/Tools/SunTools/LMPay/AliPaySDK",
					"$(PROJECT_DIR)/LikeFlyerLiveAPP",
					"$(PROJECT_DIR)",
				);
				GCC_PREFIX_HEADER = "$(SRCROOT)/LikeFlyerLiveAPP/PrefixHeader.pch";
				INFOPLIST_FILE = LikeFlyerLiveAPP/Info.plist;
				IPHONEOS_DEPLOYMENT_TARGET = 8.0;
				LD_RUNPATH_SEARCH_PATHS = "$(inherited) @executable_path/Frameworks";
				LIBRARY_SEARCH_PATHS = (
					"$(inherited)",
					"$(PROJECT_DIR)/LikeFlyerLiveAPP/classes/Helper/Tools/SunTools/LMPay/AliPaySDK",
					"$(PROJECT_DIR)/LikeFlyerLiveAPP/classes/Helper/Tools/SunTools/LMPay/WeiXinSDK/WX",
				);
				PRODUCT_BUNDLE_IDENTIFIER = com.sunqishaung.;
				PRODUCT_NAME = "$(TARGET_NAME)";
			};
			name = Release;
		};
		9BA30FEE1ED2C42D000A7B5C /* Debug */ = {
			isa = XCBuildConfiguration;
			buildSettings = {
				BUNDLE_LOADER = "$(TEST_HOST)";
				DEVELOPMENT_TEAM = V2WV6W2CC3;
				INFOPLIST_FILE = LikeFlyerLiveAPPTests/Info.plist;
				LD_RUNPATH_SEARCH_PATHS = "$(inherited) @executable_path/Frameworks @loader_path/Frameworks";
				PRODUCT_BUNDLE_IDENTIFIER = "---.LikeFlyerLiveAPPTests";
				PRODUCT_NAME = "$(TARGET_NAME)";
				TEST_HOST = "$(BUILT_PRODUCTS_DIR)/LikeFlyerLiveAPP.app/LikeFlyerLiveAPP";
			};
			name = Debug;
		};
		9BA30FEF1ED2C42D000A7B5C /* Release */ = {
			isa = XCBuildConfiguration;
			buildSettings = {
				BUNDLE_LOADER = "$(TEST_HOST)";
				DEVELOPMENT_TEAM = V2WV6W2CC3;
				INFOPLIST_FILE = LikeFlyerLiveAPPTests/Info.plist;
				LD_RUNPATH_SEARCH_PATHS = "$(inherited) @executable_path/Frameworks @loader_path/Frameworks";
				PRODUCT_BUNDLE_IDENTIFIER = "---.LikeFlyerLiveAPPTests";
				PRODUCT_NAME = "$(TARGET_NAME)";
				TEST_HOST = "$(BUILT_PRODUCTS_DIR)/LikeFlyerLiveAPP.app/LikeFlyerLiveAPP";
			};
			name = Release;
		};
		9BA30FF11ED2C42D000A7B5C /* Debug */ = {
			isa = XCBuildConfiguration;
			buildSettings = {
				DEVELOPMENT_TEAM = V2WV6W2CC3;
				INFOPLIST_FILE = LikeFlyerLiveAPPUITests/Info.plist;
				LD_RUNPATH_SEARCH_PATHS = "$(inherited) @executable_path/Frameworks @loader_path/Frameworks";
				PRODUCT_BUNDLE_IDENTIFIER = "---.LikeFlyerLiveAPPUITests";
				PRODUCT_NAME = "$(TARGET_NAME)";
				TEST_TARGET_NAME = LikeFlyerLiveAPP;
			};
			name = Debug;
		};
		9BA30FF21ED2C42D000A7B5C /* Release */ = {
			isa = XCBuildConfiguration;
			buildSettings = {
				DEVELOPMENT_TEAM = V2WV6W2CC3;
				INFOPLIST_FILE = LikeFlyerLiveAPPUITests/Info.plist;
				LD_RUNPATH_SEARCH_PATHS = "$(inherited) @executable_path/Frameworks @loader_path/Frameworks";
				PRODUCT_BUNDLE_IDENTIFIER = "---.LikeFlyerLiveAPPUITests";
				PRODUCT_NAME = "$(TARGET_NAME)";
				TEST_TARGET_NAME = LikeFlyerLiveAPP;
			};
			name = Release;
		};
/* End XCBuildConfiguration section */

/* Begin XCConfigurationList section */
		9BA30FB81ED2C42D000A7B5C /* Build configuration list for PBXProject "LikeFlyerLiveAPP" */ = {
			isa = XCConfigurationList;
			buildConfigurations = (
				9BA30FE81ED2C42D000A7B5C /* Debug */,
				9BA30FE91ED2C42D000A7B5C /* Release */,
			);
			defaultConfigurationIsVisible = 0;
			defaultConfigurationName = Release;
		};
		9BA30FEA1ED2C42D000A7B5C /* Build configuration list for PBXNativeTarget "LikeFlyerLiveAPP" */ = {
			isa = XCConfigurationList;
			buildConfigurations = (
				9BA30FEB1ED2C42D000A7B5C /* Debug */,
				9BA30FEC1ED2C42D000A7B5C /* Release */,
			);
			defaultConfigurationIsVisible = 0;
			defaultConfigurationName = Release;
		};
		9BA30FED1ED2C42D000A7B5C /* Build configuration list for PBXNativeTarget "LikeFlyerLiveAPPTests" */ = {
			isa = XCConfigurationList;
			buildConfigurations = (
				9BA30FEE1ED2C42D000A7B5C /* Debug */,
				9BA30FEF1ED2C42D000A7B5C /* Release */,
			);
			defaultConfigurationIsVisible = 0;
			defaultConfigurationName = Release;
		};
		9BA30FF01ED2C42D000A7B5C /* Build configuration list for PBXNativeTarget "LikeFlyerLiveAPPUITests" */ = {
			isa = XCConfigurationList;
			buildConfigurations = (
				9BA30FF11ED2C42D000A7B5C /* Debug */,
				9BA30FF21ED2C42D000A7B5C /* Release */,
			);
			defaultConfigurationIsVisible = 0;
			defaultConfigurationName = Release;
		};
/* End XCConfigurationList section */
	};
	rootObject = 9BA30FB51ED2C42D000A7B5C /* Project object */;
}
